Microsoft Visual Studio Solution File, Format Version 12.00
# Visual Studio 2012
Project("{FAE04EC0-301F-11D3-BF4B-00C04F79EFBC}") = "SeaLord", "SeaLord.csproj", "{181BD3F5-3BC4-45B1-A383-A91B38E4BB4D}"
EndProject
Global
	GlobalSection(SolutionConfigurationPlatforms) = preSolution
	Debug|Any CPU = Debug|Any CPU
	ExportDebug|Any CPU = ExportDebug|Any CPU
	ExportRelease|Any CPU = ExportRelease|Any CPU
	EndGlobalSection
	GlobalSection(ProjectConfigurationPlatforms) = postSolution
		{181BD3F5-3BC4-45B1-A383-A91B38E4BB4D}.Debug|Any CPU.ActiveCfg = Debug|Any CPU
		{181BD3F5-3BC4-45B1-A383-A91B38E4BB4D}.Debug|Any CPU.Build.0 = Debug|Any CPU
		{181BD3F5-3BC4-45B1-A383-A91B38E4BB4D}.ExportDebug|Any CPU.ActiveCfg = ExportDebug|Any CPU
		{181BD3F5-3BC4-45B1-A383-A91B38E4BB4D}.ExportDebug|Any CPU.Build.0 = ExportDebug|Any CPU
		{181BD3F5-3BC4-45B1-A383-A91B38E4BB4D}.ExportRelease|Any CPU.ActiveCfg = ExportRelease|Any CPU
		{181BD3F5-3BC4-45B1-A383-A91B38E4BB4D}.ExportRelease|Any CPU.Build.0 = ExportRelease|Any CPU
	EndGlobalSection
EndGlobal
